# THIS IS AN AUTOGENERATED FILE. DO NOT EDIT THIS FILE DIRECTLY.
# yarn lockfile v1


"@popperjs/core@^2.11.6":
  "integrity" "sha512-50/17A98tWUfQ176raKiOGXuYpLyyVMkxxG6oylzL3BPOlA6ADGdK7EYunSa4I064xerltq9TGXs8HmOk5E+vw=="
  "resolved" "https://registry.npmjs.org/@popperjs/core/-/core-2.11.6.tgz"
  "version" "2.11.6"

"bootstrap@^5.2.2":
  "integrity" "sha512-dEtzMTV71n6Fhmbg4fYJzQsw1N29hJKO1js5ackCgIpDcGid2ETMGC6zwSYw09v05Y+oRdQ9loC54zB1La3hHQ=="
  "resolved" "https://registry.npmjs.org/bootstrap/-/bootstrap-5.2.2.tgz"
  "version" "5.2.2"

"comb@^2.0.0":
  "integrity" "sha512-QYzY8XlE6r3vembg/TbiSaD2KI6Sp1dtf/rk5tahf6tXGjqkpe6SVwkouk/v+cckn1EQsX0jjUL8Hb98dc4ZVw=="
  "resolved" "https://registry.npmjs.org/comb/-/comb-2.0.0.tgz"
  "version" "2.0.0"

"normalize.css@^8.0.1":
  "integrity" "sha512-qizSNPO93t1YUuUhP22btGOo3chcvDFqFaj2TRybP0DMxkHOCTYwp3n34fel4a31ORXy4m1Xq0Gyqpb5m33qIg=="
  "resolved" "https://registry.npmjs.org/normalize.css/-/normalize.css-8.0.1.tgz"
  "version" "8.0.1"
